// !$*UTF8*$!
{ archiveVersion = 1; classes = {}; objectVersion = 56; objects = {
000000000000000000000064 = { isa = PBXFileReference; lastKnownFileType = sourcecode.swift; path = "App.swift"; sourceTree = "<group>"; };
0000000000000000000000C8 = { isa = PBXBuildFile; fileRef = 000000000000000000000064; };
000000000000000000000065 = { isa = PBXFileReference; lastKnownFileType = sourcecode.swift; path = "Models.swift"; sourceTree = "<group>"; };
0000000000000000000000C9 = { isa = PBXBuildFile; fileRef = 000000000000000000000065; };
000000000000000000000066 = { isa = PBXFileReference; lastKnownFileType = sourcecode.swift; path = "Store.swift"; sourceTree = "<group>"; };
0000000000000000000000CA = { isa = PBXBuildFile; fileRef = 000000000000000000000066; };
000000000000000000000067 = { isa = PBXFileReference; lastKnownFileType = sourcecode.swift; path = "LocationService.swift"; sourceTree = "<group>"; };
0000000000000000000000CB = { isa = PBXBuildFile; fileRef = 000000000000000000000067; };
000000000000000000000068 = { isa = PBXFileReference; lastKnownFileType = text.json; path = "Resources/regions.json"; sourceTree = "<group>"; };
0000000000000000000000CC = { isa = PBXBuildFile; fileRef = 000000000000000000000068; };
000000000000000000000069 = { isa = PBXFileReference; lastKnownFileType = text.json; path = "Resources/descriptions.json"; sourceTree = "<group>"; };
0000000000000000000000CD = { isa = PBXBuildFile; fileRef = 000000000000000000000069; };
00000000000000000000006A = { isa = PBXFileReference; lastKnownFileType = text.json; path = "Resources/municipalities.json"; sourceTree = "<group>"; };
0000000000000000000000CE = { isa = PBXBuildFile; fileRef = 00000000000000000000006A; };
00000000000000000000006B = { isa = PBXFileReference; lastKnownFileType = folder.assetcatalog; path = "Assets.xcassets"; sourceTree = "<group>"; };
0000000000000000000000CF = { isa = PBXBuildFile; fileRef = 00000000000000000000006B; };
00000000000000000000006C = { isa = PBXFileReference; lastKnownFileType = text.xml; path = "PrivacyInfo.xcprivacy"; sourceTree = "<group>"; };
0000000000000000000000D0 = { isa = PBXBuildFile; fileRef = 00000000000000000000006C; };
000000000000000000000001 = { isa = PBXProject; attributes = { LastUpgradeCheck = 2600; TargetAttributes = { 000000000000000000000002 = { ProvisioningStyle = Automatic; }; }; }; buildConfigurationList = 00000000000000000000000A; compatibilityVersion = "Xcode 14.0"; developmentRegion = ja; knownRegions = (ja, en, Base); mainGroup = 000000000000000000000003; productRefGroup = 000000000000000000000005; projectDirPath = ""; projectRoot = ""; targets = (000000000000000000000002); };
000000000000000000000002 = { isa = PBXNativeTarget; buildConfigurationList = 00000000000000000000000B; buildPhases = (000000000000000000000006, 000000000000000000000007, 000000000000000000000008); buildRules = (); dependencies = (); name = GunmaJourney; productName = GunmaJourney; productReference = 000000000000000000000009; productType = "com.apple.product-type.application"; };
000000000000000000000003 = { isa = PBXGroup; children = (000000000000000000000004, 000000000000000000000005); sourceTree = "<group>"; };
000000000000000000000004 = { isa = PBXGroup; children = (000000000000000000000064,000000000000000000000065,000000000000000000000066,000000000000000000000067,000000000000000000000068,000000000000000000000069,00000000000000000000006A,00000000000000000000006B,00000000000000000000006C); path = GunmaJourney; sourceTree = "<group>"; };
000000000000000000000005 = { isa = PBXGroup; children = (000000000000000000000009); name = Products; sourceTree = "<group>"; };
000000000000000000000006 = { isa = PBXSourcesBuildPhase; buildActionMask = 2147483647; files = (0000000000000000000000C8,0000000000000000000000C9,0000000000000000000000CA,0000000000000000000000CB); runOnlyForDeploymentPostprocessing = 0; };
000000000000000000000007 = { isa = PBXResourcesBuildPhase; buildActionMask = 2147483647; files = (0000000000000000000000CC,0000000000000000000000CD,0000000000000000000000CE,0000000000000000000000CF,0000000000000000000000D0); runOnlyForDeploymentPostprocessing = 0; };
000000000000000000000008 = { isa = PBXFrameworksBuildPhase; buildActionMask = 2147483647; files = (); runOnlyForDeploymentPostprocessing = 0; };
000000000000000000000009 = { isa = PBXFileReference; explicitFileType = wrapper.application; includeInIndex = 0; path = GunmaJourney.app; sourceTree = BUILT_PRODUCTS_DIR; };
00000000000000000000000A = { isa = XCConfigurationList; buildConfigurations = (00000000000000000000000C,00000000000000000000000D); defaultConfigurationIsVisible = 0; defaultConfigurationName = Release; };
00000000000000000000000B = { isa = XCConfigurationList; buildConfigurations = (00000000000000000000000E,00000000000000000000000F); defaultConfigurationIsVisible = 0; defaultConfigurationName = Release; };
00000000000000000000000C = { isa = XCBuildConfiguration; buildSettings = { SDKROOT = iphoneos; IPHONEOS_DEPLOYMENT_TARGET = 17.0; CLANG_ENABLE_MODULES = YES; SWIFT_VERSION = 5.0; }; name = Debug; };
00000000000000000000000D = { isa = XCBuildConfiguration; buildSettings = { SDKROOT = iphoneos; IPHONEOS_DEPLOYMENT_TARGET = 17.0; CLANG_ENABLE_MODULES = YES; SWIFT_VERSION = 5.0; }; name = Release; };
00000000000000000000000E = { isa = XCBuildConfiguration; buildSettings = { ASSETCATALOG_COMPILER_APPICON_NAME = AppIcon; CODE_SIGN_STYLE = Automatic; CURRENT_PROJECT_VERSION = 62; DEVELOPMENT_TEAM = ""; GENERATE_INFOPLIST_FILE = NO; INFOPLIST_FILE = GunmaJourney/Info.plist; MARKETING_VERSION = 1.0; PRODUCT_BUNDLE_IDENTIFIER = jp.abyos.GunmaJourney; PRODUCT_NAME = "$(TARGET_NAME)"; SWIFT_VERSION = 5.0; SWIFT_ACTIVE_COMPILATION_CONDITIONS = "DEBUG"; SWIFT_OPTIMIZATION_LEVEL = "-Onone"; TARGETED_DEVICE_FAMILY = 1; SUPPORTED_PLATFORMS = "iphoneos iphonesimulator"; SUPPORTS_MACCATALYST = NO; SUPPORTS_MAC_DESIGNED_FOR_IPHONE_IPAD = NO; LD_RUNPATH_SEARCH_PATHS = "$(inherited) @executable_path/Frameworks"; }; name = Debug; };
00000000000000000000000F = { isa = XCBuildConfiguration; buildSettings = { ASSETCATALOG_COMPILER_APPICON_NAME = AppIcon; CODE_SIGN_STYLE = Automatic; CURRENT_PROJECT_VERSION = 62; DEVELOPMENT_TEAM = ""; GENERATE_INFOPLIST_FILE = NO; INFOPLIST_FILE = GunmaJourney/Info.plist; MARKETING_VERSION = 1.0; PRODUCT_BUNDLE_IDENTIFIER = jp.abyos.GunmaJourney; PRODUCT_NAME = "$(TARGET_NAME)"; SWIFT_VERSION = 5.0; SWIFT_ACTIVE_COMPILATION_CONDITIONS = ""; SWIFT_OPTIMIZATION_LEVEL = "-O"; TARGETED_DEVICE_FAMILY = 1; SUPPORTED_PLATFORMS = "iphoneos iphonesimulator"; SUPPORTS_MACCATALYST = NO; SUPPORTS_MAC_DESIGNED_FOR_IPHONE_IPAD = NO; LD_RUNPATH_SEARCH_PATHS = "$(inherited) @executable_path/Frameworks"; }; name = Release; };
}; rootObject = 000000000000000000000001; }
